
Microsoft Visual Studio Solution File, Format Version 12.00
# Visual Studio Version 17
VisualStudioVersion = 17.1.32228.430
MinimumVisualStudioVersion = 10.0.40219.1
Project("{8BC9CEB8-8B4A-11D0-8D11-00A0C91BC942}") = "Project2", "Project2\Project2.vcxproj", "{10C224DF-8697-456E-81B0-7C706AC98B95}"
EndProject
Global
	GlobalSection(SolutionConfigurationPlatforms) = preSolution
		Debug|x64 = Debug|x64
		Debug|x86 = Debug|x86
		Release|x64 = Release|x64
		Release|x86 = Release|x86
	EndGlobalSection
	GlobalSection(ProjectConfigurationPlatforms) = postSolution
		{10C224DF-8697-456E-81B0-7C706AC98B95}.Debug|x64.ActiveCfg = Debug|x64
		{10C224DF-8697-456E-81B0-7C706AC98B95}.Debug|x64.Build.0 = Debug|x64
		{10C224DF-8697-456E-81B0-7C706AC98B95}.Debug|x86.ActiveCfg = Debug|Win32
		{10C224DF-8697-456E-81B0-7C706AC98B95}.Debug|x86.Build.0 = Debug|Win32
		{10C224DF-8697-456E-81B0-7C706AC98B95}.Release|x64.ActiveCfg = Release|x64
		{10C224DF-8697-456E-81B0-7C706AC98B95}.Release|x64.Build.0 = Release|x64
		{10C224DF-8697-456E-81B0-7C706AC98B95}.Release|x86.ActiveCfg = Release|Win32
		{10C224DF-8697-456E-81B0-7C706AC98B95}.Release|x86.Build.0 = Release|Win32
	EndGlobalSection
	GlobalSection(SolutionProperties) = preSolution
		HideSolutionNode = FALSE
	EndGlobalSection
	GlobalSection(ExtensibilityGlobals) = postSolution
		SolutionGuid = {74847B4A-8D15-4EBB-9F8C-14C59EDEAA58}
	EndGlobalSection
EndGlobal
